
Microsoft Visual Studio Solution File, Format Version 12.00
# Visual Studio Version 17
VisualStudioVersion = 17.7.34221.43
MinimumVisualStudioVersion = 10.0.40219.1
Project("{FAE04EC0-301F-11D3-BF4B-00C04F79EFBC}") = "Insan Kaynaklari Takip Programi", "Insan Kaynaklari Takip Programi\Insan Kaynaklari Takip Programi.csproj", "{9B25E320-687E-4EBB-B666-640270F65747}"
EndProject
Global
	GlobalSection(SolutionConfigurationPlatforms) = preSolution
		Debug|Any CPU = Debug|Any CPU
		Release|Any CPU = Release|Any CPU
	EndGlobalSection
	GlobalSection(ProjectConfigurationPlatforms) = postSolution
		{9B25E320-687E-4EBB-B666-640270F65747}.Debug|Any CPU.ActiveCfg = Debug|Any CPU
		{9B25E320-687E-4EBB-B666-640270F65747}.Debug|Any CPU.Build.0 = Debug|Any CPU
		{9B25E320-687E-4EBB-B666-640270F65747}.Release|Any CPU.ActiveCfg = Release|Any CPU
		{9B25E320-687E-4EBB-B666-640270F65747}.Release|Any CPU.Build.0 = Release|Any CPU
	EndGlobalSection
	GlobalSection(SolutionProperties) = preSolution
		HideSolutionNode = FALSE
	EndGlobalSection
	GlobalSection(ExtensibilityGlobals) = postSolution
		SolutionGuid = {005E3CC6-225B-4BAB-92EF-93F7C041C7A1}
	EndGlobalSection
EndGlobal
